
Microsoft Visual Studio Solution File, Format Version 12.00
# Visual Studio Version 17
VisualStudioVersion = 17.7.34202.233
MinimumVisualStudioVersion = 10.0.40219.1
Project("{FAE04EC0-301F-11D3-BF4B-00C04F79EFBC}") = "kutuphaneOtomasyon", "kutuphaneOtomasyon\kutuphaneOtomasyon.csproj", "{A34EAECD-727B-475D-9CF5-DC0897579265}"
EndProject
Global
	GlobalSection(SolutionConfigurationPlatforms) = preSolution
		Debug|Any CPU = Debug|Any CPU
		Release|Any CPU = Release|Any CPU
	EndGlobalSection
	GlobalSection(ProjectConfigurationPlatforms) = postSolution
		{A34EAECD-727B-475D-9CF5-DC0897579265}.Debug|Any CPU.ActiveCfg = Debug|Any CPU
		{A34EAECD-727B-475D-9CF5-DC0897579265}.Debug|Any CPU.Build.0 = Debug|Any CPU
		{A34EAECD-727B-475D-9CF5-DC0897579265}.Release|Any CPU.ActiveCfg = Release|Any CPU
		{A34EAECD-727B-475D-9CF5-DC0897579265}.Release|Any CPU.Build.0 = Release|Any CPU
	EndGlobalSection
	GlobalSection(SolutionProperties) = preSolution
		HideSolutionNode = FALSE
	EndGlobalSection
	GlobalSection(ExtensibilityGlobals) = postSolution
		SolutionGuid = {C1434209-5F85-41AC-9DC3-E6DBF2532D91}
	EndGlobalSection
EndGlobal
